
Microsoft Visual Studio Solution File, Format Version 12.00
# Visual Studio Version 16
VisualStudioVersion = 16.0.31112.23
MinimumVisualStudioVersion = 10.0.40219.1
Project("{2150E333-8FDC-42A3-9474-1A3956D46DE8}") = "tests", "tests", "{1B797A76-D46D-4BCA-B617-EE73B729D6BD}"
EndProject
Project("{2150E333-8FDC-42A3-9474-1A3956D46DE8}") = "src", "src", "{0F1F6F56-96F1-4638-8B51-EC0D77791E5B}"
EndProject
Project("{2150E333-8FDC-42A3-9474-1A3956D46DE8}") = "API", "API", "{16460082-4187-4D40-8E74-7E9868E94696}"
EndProject
Project("{2150E333-8FDC-42A3-9474-1A3956D46DE8}") = "Core", "Core", "{7EEED7F1-7222-419E-8C39-F85FA3F6F7EF}"
EndProject
Project("{2150E333-8FDC-42A3-9474-1A3956D46DE8}") = "Infrastructure", "Infrastructure", "{502C2B8F-4E81-4EBC-98D3-4135C873A0B3}"
EndProject
Project("{2150E333-8FDC-42A3-9474-1A3956D46DE8}") = "UI", "UI", "{B3C3432D-B64B-4773-AB70-A7143D1E6EDA}"
EndProject
Project("{9A19103F-16F7-4668-BE54-9A1E7A4F7556}") = "ProjectManagement.Domain", "ProjectManagement.Domain\ProjectManagement.Domain.csproj", "{798F24EE-65AD-4810-884A-EEA5719A0830}"
EndProject
Project("{9A19103F-16F7-4668-BE54-9A1E7A4F7556}") = "ProjectManagement.Application", "ProjectManagement.Application\ProjectManagement.Application.csproj", "{3A93B3ED-1350-4EAC-9C7F-6A2E9B4C06F0}"
EndProject
Project("{9A19103F-16F7-4668-BE54-9A1E7A4F7556}") = "ProjectManagement.Persistence", "ProjectManagement.Persistence\ProjectManagement.Persistence.csproj", "{604335FC-A45D-45E5-8B87-6F7A269E0811}"
EndProject
Project("{9A19103F-16F7-4668-BE54-9A1E7A4F7556}") = "ProjectManagement.Api", "ProjectManagement.Api\ProjectManagement.Api.csproj", "{77FFD49F-62CE-4A1A-AAFB-662D839A6C83}"
EndProject
Project("{9A19103F-16F7-4668-BE54-9A1E7A4F7556}") = "ProjectManagement.Application.UnitTests", "ProjectManagement.Application.UnitTests\ProjectManagement.Application.UnitTests.csproj", "{0EA90133-4209-4753-976F-ACAEA91F4DE5}"
EndProject
Project("{9A19103F-16F7-4668-BE54-9A1E7A4F7556}") = "ProjectManagement.Persistence.IntegrationTests", "ProjectManagement.Persistence.IntegrationTests\ProjectManagement.Persistence.IntegrationTests.csproj", "{E6B0C587-D5D9-402B-A6C5-F07B63D15DD6}"
EndProject
Project("{9A19103F-16F7-4668-BE54-9A1E7A4F7556}") = "ProjectManagement.API.IntegrationTests", "ProjectManagement.API.IntegrationTests\ProjectManagement.API.IntegrationTests.csproj", "{2BB0E10A-B36D-47C6-9CBC-CE6052C58D07}"
EndProject
Project("{9A19103F-16F7-4668-BE54-9A1E7A4F7556}") = "ProjectManagement.UI", "ProjectManagement.UI\ProjectManagement.UI.csproj", "{FFF62676-4CB1-43CA-BAAB-4AA75026AB6F}"
EndProject
Project("{9A19103F-16F7-4668-BE54-9A1E7A4F7556}") = "ProjectManagement.App", "ProjectManagement.App\ProjectManagement.App.csproj", "{62A9CC77-7152-46B6-ADCC-F2B89FB62045}"
EndProject
Project("{9A19103F-16F7-4668-BE54-9A1E7A4F7556}") = "ProjectManagement.Identity", "ProjectManagement.Identity\ProjectManagement.Identity.csproj", "{1D2DFE3F-D34C-435F-AA58-5B96D381B6BD}"
EndProject
Global
	GlobalSection(SolutionConfigurationPlatforms) = preSolution
		Debug|Any CPU = Debug|Any CPU
		Release|Any CPU = Release|Any CPU
	EndGlobalSection
	GlobalSection(ProjectConfigurationPlatforms) = postSolution
		{798F24EE-65AD-4810-884A-EEA5719A0830}.Debug|Any CPU.ActiveCfg = Debug|Any CPU
		{798F24EE-65AD-4810-884A-EEA5719A0830}.Debug|Any CPU.Build.0 = Debug|Any CPU
		{798F24EE-65AD-4810-884A-EEA5719A0830}.Release|Any CPU.ActiveCfg = Release|Any CPU
		{798F24EE-65AD-4810-884A-EEA5719A0830}.Release|Any CPU.Build.0 = Release|Any CPU
		{3A93B3ED-1350-4EAC-9C7F-6A2E9B4C06F0}.Debug|Any CPU.ActiveCfg = Debug|Any CPU
		{3A93B3ED-1350-4EAC-9C7F-6A2E9B4C06F0}.Debug|Any CPU.Build.0 = Debug|Any CPU
		{3A93B3ED-1350-4EAC-9C7F-6A2E9B4C06F0}.Release|Any CPU.ActiveCfg = Release|Any CPU
		{3A93B3ED-1350-4EAC-9C7F-6A2E9B4C06F0}.Release|Any CPU.Build.0 = Release|Any CPU
		{604335FC-A45D-45E5-8B87-6F7A269E0811}.Debug|Any CPU.ActiveCfg = Debug|Any CPU
		{604335FC-A45D-45E5-8B87-6F7A269E0811}.Debug|Any CPU.Build.0 = Debug|Any CPU
		{604335FC-A45D-45E5-8B87-6F7A269E0811}.Release|Any CPU.ActiveCfg = Release|Any CPU
		{604335FC-A45D-45E5-8B87-6F7A269E0811}.Release|Any CPU.Build.0 = Release|Any CPU
		{77FFD49F-62CE-4A1A-AAFB-662D839A6C83}.Debug|Any CPU.ActiveCfg = Debug|Any CPU
		{77FFD49F-62CE-4A1A-AAFB-662D839A6C83}.Debug|Any CPU.Build.0 = Debug|Any CPU
		{77FFD49F-62CE-4A1A-AAFB-662D839A6C83}.Release|Any CPU.ActiveCfg = Release|Any CPU
		{77FFD49F-62CE-4A1A-AAFB-662D839A6C83}.Release|Any CPU.Build.0 = Release|Any CPU
		{0EA90133-4209-4753-976F-ACAEA91F4DE5}.Debug|Any CPU.ActiveCfg = Debug|Any CPU
		{0EA90133-4209-4753-976F-ACAEA91F4DE5}.Debug|Any CPU.Build.0 = Debug|Any CPU
		{0EA90133-4209-4753-976F-ACAEA91F4DE5}.Release|Any CPU.ActiveCfg = Release|Any CPU
		{0EA90133-4209-4753-976F-ACAEA91F4DE5}.Release|Any CPU.Build.0 = Release|Any CPU
		{E6B0C587-D5D9-402B-A6C5-F07B63D15DD6}.Debug|Any CPU.ActiveCfg = Debug|Any CPU
		{E6B0C587-D5D9-402B-A6C5-F07B63D15DD6}.Debug|Any CPU.Build.0 = Debug|Any CPU
		{E6B0C587-D5D9-402B-A6C5-F07B63D15DD6}.Release|Any CPU.ActiveCfg = Release|Any CPU
		{E6B0C587-D5D9-402B-A6C5-F07B63D15DD6}.Release|Any CPU.Build.0 = Release|Any CPU
		{2BB0E10A-B36D-47C6-9CBC-CE6052C58D07}.Debug|Any CPU.ActiveCfg = Debug|Any CPU
		{2BB0E10A-B36D-47C6-9CBC-CE6052C58D07}.Debug|Any CPU.Build.0 = Debug|Any CPU
		{2BB0E10A-B36D-47C6-9CBC-CE6052C58D07}.Release|Any CPU.ActiveCfg = Release|Any CPU
		{2BB0E10A-B36D-47C6-9CBC-CE6052C58D07}.Release|Any CPU.Build.0 = Release|Any CPU
		{FFF62676-4CB1-43CA-BAAB-4AA75026AB6F}.Debug|Any CPU.ActiveCfg = Debug|Any CPU
		{FFF62676-4CB1-43CA-BAAB-4AA75026AB6F}.Debug|Any CPU.Build.0 = Debug|Any CPU
		{FFF62676-4CB1-43CA-BAAB-4AA75026AB6F}.Release|Any CPU.ActiveCfg = Release|Any CPU
		{FFF62676-4CB1-43CA-BAAB-4AA75026AB6F}.Release|Any CPU.Build.0 = Release|Any CPU
		{62A9CC77-7152-46B6-ADCC-F2B89FB62045}.Debug|Any CPU.ActiveCfg = Debug|Any CPU
		{62A9CC77-7152-46B6-ADCC-F2B89FB62045}.Debug|Any CPU.Build.0 = Debug|Any CPU
		{62A9CC77-7152-46B6-ADCC-F2B89FB62045}.Release|Any CPU.ActiveCfg = Release|Any CPU
		{62A9CC77-7152-46B6-ADCC-F2B89FB62045}.Release|Any CPU.Build.0 = Release|Any CPU
		{1D2DFE3F-D34C-435F-AA58-5B96D381B6BD}.Debug|Any CPU.ActiveCfg = Debug|Any CPU
		{1D2DFE3F-D34C-435F-AA58-5B96D381B6BD}.Debug|Any CPU.Build.0 = Debug|Any CPU
		{1D2DFE3F-D34C-435F-AA58-5B96D381B6BD}.Release|Any CPU.ActiveCfg = Release|Any CPU
		{1D2DFE3F-D34C-435F-AA58-5B96D381B6BD}.Release|Any CPU.Build.0 = Release|Any CPU
	EndGlobalSection
	GlobalSection(SolutionProperties) = preSolution
		HideSolutionNode = FALSE
	EndGlobalSection
	GlobalSection(NestedProjects) = preSolution
		{16460082-4187-4D40-8E74-7E9868E94696} = {0F1F6F56-96F1-4638-8B51-EC0D77791E5B}
		{7EEED7F1-7222-419E-8C39-F85FA3F6F7EF} = {0F1F6F56-96F1-4638-8B51-EC0D77791E5B}
		{502C2B8F-4E81-4EBC-98D3-4135C873A0B3} = {0F1F6F56-96F1-4638-8B51-EC0D77791E5B}
		{B3C3432D-B64B-4773-AB70-A7143D1E6EDA} = {0F1F6F56-96F1-4638-8B51-EC0D77791E5B}
		{798F24EE-65AD-4810-884A-EEA5719A0830} = {7EEED7F1-7222-419E-8C39-F85FA3F6F7EF}
		{3A93B3ED-1350-4EAC-9C7F-6A2E9B4C06F0} = {7EEED7F1-7222-419E-8C39-F85FA3F6F7EF}
		{604335FC-A45D-45E5-8B87-6F7A269E0811} = {502C2B8F-4E81-4EBC-98D3-4135C873A0B3}
		{77FFD49F-62CE-4A1A-AAFB-662D839A6C83} = {16460082-4187-4D40-8E74-7E9868E94696}
		{0EA90133-4209-4753-976F-ACAEA91F4DE5} = {1B797A76-D46D-4BCA-B617-EE73B729D6BD}
		{E6B0C587-D5D9-402B-A6C5-F07B63D15DD6} = {1B797A76-D46D-4BCA-B617-EE73B729D6BD}
		{2BB0E10A-B36D-47C6-9CBC-CE6052C58D07} = {1B797A76-D46D-4BCA-B617-EE73B729D6BD}
		{FFF62676-4CB1-43CA-BAAB-4AA75026AB6F} = {B3C3432D-B64B-4773-AB70-A7143D1E6EDA}
		{62A9CC77-7152-46B6-ADCC-F2B89FB62045} = {B3C3432D-B64B-4773-AB70-A7143D1E6EDA}
		{1D2DFE3F-D34C-435F-AA58-5B96D381B6BD} = {502C2B8F-4E81-4EBC-98D3-4135C873A0B3}
	EndGlobalSection
	GlobalSection(ExtensibilityGlobals) = postSolution
		SolutionGuid = {6677DF13-6BC5-438F-9B1B-5D83EEAED205}
	EndGlobalSection
EndGlobal
