
Microsoft Visual Studio Solution File, Format Version 12.00
# Visual Studio Version 16
VisualStudioVersion = 16.0.31112.23
MinimumVisualStudioVersion = 10.0.40219.1
Project("{2150E333-8FDC-42A3-9474-1A3956D46DE8}") = "tests", "tests", "{1B797A76-D46D-4BCA-B617-EE73B729D6BD}"
EndProject
Project("{2150E333-8FDC-42A3-9474-1A3956D46DE8}") = "src", "src", "{0F1F6F56-96F1-4638-8B51-EC0D77791E5B}"
EndProject
Project("{2150E333-8FDC-42A3-9474-1A3956D46DE8}") = "API", "API", "{16460082-4187-4D40-8E74-7E9868E94696}"
EndProject
Project("{2150E333-8FDC-42A3-9474-1A3956D46DE8}") = "Core", "Core", "{7EEED7F1-7222-419E-8C39-F85FA3F6F7EF}"
EndProject
Project("{2150E333-8FDC-42A3-9474-1A3956D46DE8}") = "Infrastructure", "Infrastructure", "{502C2B8F-4E81-4EBC-98D3-4135C873A0B3}"
EndProject
Project("{2150E333-8FDC-42A3-9474-1A3956D46DE8}") = "UI", "UI", "{B3C3432D-B64B-4773-AB70-A7143D1E6EDA}"
EndProject
Project("{FAE04EC0-301F-11D3-BF4B-00C04F79EFBC}") = "ProjectManagement.Domain", "ProjectManagement.Domain\ProjectManagement.Domain.csproj", "{798F24EE-65AD-4810-884A-EEA5719A0830}"
EndProject
Project("{FAE04EC0-301F-11D3-BF4B-00C04F79EFBC}") = "ProjectManagement.Application", "ProjectManagement.Application\ProjectManagement.Application.csproj", "{3A93B3ED-1350-4EAC-9C7F-6A2E9B4C06F0}"
EndProject
Project("{FAE04EC0-301F-11D3-BF4B-00C04F79EFBC}") = "ProjectManagement.Persistence", "ProjectManagement.Persistence\ProjectManagement.Persistence.csproj", "{604335FC-A45D-45E5-8B87-6F7A269E0811}"
EndProject
Global
	GlobalSection(SolutionConfigurationPlatforms) = preSolution
		Debug|Any CPU = Debug|Any CPU
		Release|Any CPU = Release|Any CPU
	EndGlobalSection
	GlobalSection(ProjectConfigurationPlatforms) = postSolution
		{798F24EE-65AD-4810-884A-EEA5719A0830}.Debug|Any CPU.ActiveCfg = Debug|Any CPU
		{798F24EE-65AD-4810-884A-EEA5719A0830}.Debug|Any CPU.Build.0 = Debug|Any CPU
		{798F24EE-65AD-4810-884A-EEA5719A0830}.Release|Any CPU.ActiveCfg = Release|Any CPU
		{798F24EE-65AD-4810-884A-EEA5719A0830}.Release|Any CPU.Build.0 = Release|Any CPU
		{3A93B3ED-1350-4EAC-9C7F-6A2E9B4C06F0}.Debug|Any CPU.ActiveCfg = Debug|Any CPU
		{3A93B3ED-1350-4EAC-9C7F-6A2E9B4C06F0}.Debug|Any CPU.Build.0 = Debug|Any CPU
		{3A93B3ED-1350-4EAC-9C7F-6A2E9B4C06F0}.Release|Any CPU.ActiveCfg = Release|Any CPU
		{3A93B3ED-1350-4EAC-9C7F-6A2E9B4C06F0}.Release|Any CPU.Build.0 = Release|Any CPU
		{604335FC-A45D-45E5-8B87-6F7A269E0811}.Debug|Any CPU.ActiveCfg = Debug|Any CPU
		{604335FC-A45D-45E5-8B87-6F7A269E0811}.Debug|Any CPU.Build.0 = Debug|Any CPU
		{604335FC-A45D-45E5-8B87-6F7A269E0811}.Release|Any CPU.ActiveCfg = Release|Any CPU
		{604335FC-A45D-45E5-8B87-6F7A269E0811}.Release|Any CPU.Build.0 = Release|Any CPU
	EndGlobalSection
	GlobalSection(SolutionProperties) = preSolution
		HideSolutionNode = FALSE
	EndGlobalSection
	GlobalSection(NestedProjects) = preSolution
		{16460082-4187-4D40-8E74-7E9868E94696} = {0F1F6F56-96F1-4638-8B51-EC0D77791E5B}
		{7EEED7F1-7222-419E-8C39-F85FA3F6F7EF} = {0F1F6F56-96F1-4638-8B51-EC0D77791E5B}
		{502C2B8F-4E81-4EBC-98D3-4135C873A0B3} = {0F1F6F56-96F1-4638-8B51-EC0D77791E5B}
		{B3C3432D-B64B-4773-AB70-A7143D1E6EDA} = {0F1F6F56-96F1-4638-8B51-EC0D77791E5B}
		{798F24EE-65AD-4810-884A-EEA5719A0830} = {7EEED7F1-7222-419E-8C39-F85FA3F6F7EF}
		{3A93B3ED-1350-4EAC-9C7F-6A2E9B4C06F0} = {7EEED7F1-7222-419E-8C39-F85FA3F6F7EF}
		{604335FC-A45D-45E5-8B87-6F7A269E0811} = {502C2B8F-4E81-4EBC-98D3-4135C873A0B3}
	EndGlobalSection
	GlobalSection(ExtensibilityGlobals) = postSolution
		SolutionGuid = {6677DF13-6BC5-438F-9B1B-5D83EEAED205}
	EndGlobalSection
EndGlobal
